
Microsoft Visual Studio Solution File, Format Version 12.00
# Visual Studio 14
VisualStudioVersion = 14.0.25420.1
MinimumVisualStudioVersion = 10.0.40219.1
Project("{FAE04EC0-301F-11D3-BF4B-00C04F79EFBC}") = "GameSrv", "GameSrv\GameSrv.csproj", "{A00FC7A6-AED3-446A-B936-9E1E990465C7}"
EndProject
Project("{FAE04EC0-301F-11D3-BF4B-00C04F79EFBC}") = "RMLib", "..\DLL\RMLib\RMLib.csproj", "{C57F0D98-F290-42C1-97BD-CD85B47A2FB4}"
EndProject
Project("{FAE04EC0-301F-11D3-BF4B-00C04F79EFBC}") = "RMLibUI", "..\DLL\RMLibUI\RMLibUI.csproj", "{01C2C32E-3FC5-4241-9725-D84AF6620D78}"
EndProject
Project("{FAE04EC0-301F-11D3-BF4B-00C04F79EFBC}") = "GameSrvConfig", "GameSrvConfig\GameSrvConfig.csproj", "{93F88970-E7EB-4227-8C10-C3577E2F4367}"
EndProject
Project("{FAE04EC0-301F-11D3-BF4B-00C04F79EFBC}") = "SupportFiles", "SupportFiles\SupportFiles.csproj", "{6718AABB-0FA8-44E7-A3B2-13A9FF71C478}"
EndProject
Project("{FAE04EC0-301F-11D3-BF4B-00C04F79EFBC}") = "W32Door", "W32Door\W32Door.csproj", "{A0FC5FC9-14F9-4190-9EF6-C31FE2240821}"
EndProject
Global
	GlobalSection(SolutionConfigurationPlatforms) = preSolution
		Debug|Any CPU = Debug|Any CPU
		Debug|x64 = Debug|x64
		Debug|x86 = Debug|x86
		Release|Any CPU = Release|Any CPU
		Release|x64 = Release|x64
		Release|x86 = Release|x86
	EndGlobalSection
	GlobalSection(ProjectConfigurationPlatforms) = postSolution
		{A00FC7A6-AED3-446A-B936-9E1E990465C7}.Debug|Any CPU.ActiveCfg = Debug|Any CPU
		{A00FC7A6-AED3-446A-B936-9E1E990465C7}.Debug|Any CPU.Build.0 = Debug|Any CPU
		{A00FC7A6-AED3-446A-B936-9E1E990465C7}.Debug|x64.ActiveCfg = Debug|Any CPU
		{A00FC7A6-AED3-446A-B936-9E1E990465C7}.Debug|x86.ActiveCfg = Debug|Any CPU
		{A00FC7A6-AED3-446A-B936-9E1E990465C7}.Release|Any CPU.ActiveCfg = Release|Any CPU
		{A00FC7A6-AED3-446A-B936-9E1E990465C7}.Release|Any CPU.Build.0 = Release|Any CPU
		{A00FC7A6-AED3-446A-B936-9E1E990465C7}.Release|x64.ActiveCfg = Release|Any CPU
		{A00FC7A6-AED3-446A-B936-9E1E990465C7}.Release|x86.ActiveCfg = Release|Any CPU
		{C57F0D98-F290-42C1-97BD-CD85B47A2FB4}.Debug|Any CPU.ActiveCfg = Debug|Any CPU
		{C57F0D98-F290-42C1-97BD-CD85B47A2FB4}.Debug|Any CPU.Build.0 = Debug|Any CPU
		{C57F0D98-F290-42C1-97BD-CD85B47A2FB4}.Debug|x64.ActiveCfg = Debug|x64
		{C57F0D98-F290-42C1-97BD-CD85B47A2FB4}.Debug|x64.Build.0 = Debug|x64
		{C57F0D98-F290-42C1-97BD-CD85B47A2FB4}.Debug|x86.ActiveCfg = Debug|x86
		{C57F0D98-F290-42C1-97BD-CD85B47A2FB4}.Debug|x86.Build.0 = Debug|x86
		{C57F0D98-F290-42C1-97BD-CD85B47A2FB4}.Release|Any CPU.ActiveCfg = Release|Any CPU
		{C57F0D98-F290-42C1-97BD-CD85B47A2FB4}.Release|Any CPU.Build.0 = Release|Any CPU
		{C57F0D98-F290-42C1-97BD-CD85B47A2FB4}.Release|x64.ActiveCfg = Release|x64
		{C57F0D98-F290-42C1-97BD-CD85B47A2FB4}.Release|x64.Build.0 = Release|x64
		{C57F0D98-F290-42C1-97BD-CD85B47A2FB4}.Release|x86.ActiveCfg = Release|x86
		{C57F0D98-F290-42C1-97BD-CD85B47A2FB4}.Release|x86.Build.0 = Release|x86
		{01C2C32E-3FC5-4241-9725-D84AF6620D78}.Debug|Any CPU.ActiveCfg = Debug|Any CPU
		{01C2C32E-3FC5-4241-9725-D84AF6620D78}.Debug|Any CPU.Build.0 = Debug|Any CPU
		{01C2C32E-3FC5-4241-9725-D84AF6620D78}.Debug|x64.ActiveCfg = Debug|Any CPU
		{01C2C32E-3FC5-4241-9725-D84AF6620D78}.Debug|x86.ActiveCfg = Debug|Any CPU
		{01C2C32E-3FC5-4241-9725-D84AF6620D78}.Release|Any CPU.ActiveCfg = Release|Any CPU
		{01C2C32E-3FC5-4241-9725-D84AF6620D78}.Release|Any CPU.Build.0 = Release|Any CPU
		{01C2C32E-3FC5-4241-9725-D84AF6620D78}.Release|x64.ActiveCfg = Release|Any CPU
		{01C2C32E-3FC5-4241-9725-D84AF6620D78}.Release|x86.ActiveCfg = Release|Any CPU
		{93F88970-E7EB-4227-8C10-C3577E2F4367}.Debug|Any CPU.ActiveCfg = Debug|Any CPU
		{93F88970-E7EB-4227-8C10-C3577E2F4367}.Debug|Any CPU.Build.0 = Debug|Any CPU
		{93F88970-E7EB-4227-8C10-C3577E2F4367}.Debug|x64.ActiveCfg = Debug|Any CPU
		{93F88970-E7EB-4227-8C10-C3577E2F4367}.Debug|x86.ActiveCfg = Debug|Any CPU
		{93F88970-E7EB-4227-8C10-C3577E2F4367}.Release|Any CPU.ActiveCfg = Release|Any CPU
		{93F88970-E7EB-4227-8C10-C3577E2F4367}.Release|Any CPU.Build.0 = Release|Any CPU
		{93F88970-E7EB-4227-8C10-C3577E2F4367}.Release|x64.ActiveCfg = Release|Any CPU
		{93F88970-E7EB-4227-8C10-C3577E2F4367}.Release|x86.ActiveCfg = Release|Any CPU
		{6718AABB-0FA8-44E7-A3B2-13A9FF71C478}.Debug|Any CPU.ActiveCfg = Debug|Any CPU
		{6718AABB-0FA8-44E7-A3B2-13A9FF71C478}.Debug|Any CPU.Build.0 = Debug|Any CPU
		{6718AABB-0FA8-44E7-A3B2-13A9FF71C478}.Debug|x64.ActiveCfg = Debug|Any CPU
		{6718AABB-0FA8-44E7-A3B2-13A9FF71C478}.Debug|x86.ActiveCfg = Debug|Any CPU
		{6718AABB-0FA8-44E7-A3B2-13A9FF71C478}.Release|Any CPU.ActiveCfg = Release|Any CPU
		{6718AABB-0FA8-44E7-A3B2-13A9FF71C478}.Release|Any CPU.Build.0 = Release|Any CPU
		{6718AABB-0FA8-44E7-A3B2-13A9FF71C478}.Release|x64.ActiveCfg = Release|Any CPU
		{6718AABB-0FA8-44E7-A3B2-13A9FF71C478}.Release|x86.ActiveCfg = Release|Any CPU
		{A0FC5FC9-14F9-4190-9EF6-C31FE2240821}.Debug|Any CPU.ActiveCfg = Debug|Any CPU
		{A0FC5FC9-14F9-4190-9EF6-C31FE2240821}.Debug|Any CPU.Build.0 = Debug|Any CPU
		{A0FC5FC9-14F9-4190-9EF6-C31FE2240821}.Debug|x64.ActiveCfg = Debug|Any CPU
		{A0FC5FC9-14F9-4190-9EF6-C31FE2240821}.Debug|x64.Build.0 = Debug|Any CPU
		{A0FC5FC9-14F9-4190-9EF6-C31FE2240821}.Debug|x86.ActiveCfg = Debug|Any CPU
		{A0FC5FC9-14F9-4190-9EF6-C31FE2240821}.Debug|x86.Build.0 = Debug|Any CPU
		{A0FC5FC9-14F9-4190-9EF6-C31FE2240821}.Release|Any CPU.ActiveCfg = Release|Any CPU
		{A0FC5FC9-14F9-4190-9EF6-C31FE2240821}.Release|Any CPU.Build.0 = Release|Any CPU
		{A0FC5FC9-14F9-4190-9EF6-C31FE2240821}.Release|x64.ActiveCfg = Release|Any CPU
		{A0FC5FC9-14F9-4190-9EF6-C31FE2240821}.Release|x64.Build.0 = Release|Any CPU
		{A0FC5FC9-14F9-4190-9EF6-C31FE2240821}.Release|x86.ActiveCfg = Release|Any CPU
		{A0FC5FC9-14F9-4190-9EF6-C31FE2240821}.Release|x86.Build.0 = Release|Any CPU
	EndGlobalSection
	GlobalSection(SolutionProperties) = preSolution
		HideSolutionNode = FALSE
	EndGlobalSection
EndGlobal
